// !$*UTF8*$!
{
	archiveVersion = 1;
	classes = {
	};
	objectVersion = 77;
	objects = {

/* Begin PBXBuildFile section */
		0A2F1F9D37615FC1988CC85C /* CallsVoicemail.swift in Sources */ = {isa = PBXBuildFile; fileRef = 59BFA4D0CB1CF02C1A5FBA44 /* CallsVoicemail.swift */; };
		1F6DEFEBEE9C76BC4DD6751B /* BulwarkSMSApp.swift in Sources */ = {isa = PBXBuildFile; fileRef = 90D1295350DE7E0914E68462 /* BulwarkSMSApp.swift */; };
		659CBE6BB99418F4CEFBAE5C /* ConversationsView.swift in Sources */ = {isa = PBXBuildFile; fileRef = E3A370DD1D3848539D1E6137 /* ConversationsView.swift */; };
		6975AAA6FA519EC3CC3993EE /* ThreadView.swift in Sources */ = {isa = PBXBuildFile; fileRef = 0749742686295EB677A52BE6 /* ThreadView.swift */; };
		6E50B689F0269CA3686980DA /* SettingsView.swift in Sources */ = {isa = PBXBuildFile; fileRef = 4B6EBE3B27EA22A3C9544517 /* SettingsView.swift */; };
		9008EC2F31542CE1DF69ED6A /* Core.swift in Sources */ = {isa = PBXBuildFile; fileRef = DE33BBE300CF6BCF6314ACF1 /* Core.swift */; };
		C54E45CA100BEA6BCBC2E098 /* Push.swift in Sources */ = {isa = PBXBuildFile; fileRef = 0E54228643B463AFC15997EF /* Push.swift */; };
		EE2D1FF7910260813ACD95F6 /* Assets.xcassets in Resources */ = {isa = PBXBuildFile; fileRef = DE69C2BAD5B23D2016063112 /* Assets.xcassets */; };
/* End PBXBuildFile section */

/* Begin PBXFileReference section */
		0749742686295EB677A52BE6 /* ThreadView.swift */ = {isa = PBXFileReference; lastKnownFileType = sourcecode.swift; path = ThreadView.swift; sourceTree = "<group>"; };
		0E54228643B463AFC15997EF /* Push.swift */ = {isa = PBXFileReference; lastKnownFileType = sourcecode.swift; path = Push.swift; sourceTree = "<group>"; };
		4B6EBE3B27EA22A3C9544517 /* SettingsView.swift */ = {isa = PBXFileReference; lastKnownFileType = sourcecode.swift; path = SettingsView.swift; sourceTree = "<group>"; };
		59BFA4D0CB1CF02C1A5FBA44 /* CallsVoicemail.swift */ = {isa = PBXFileReference; lastKnownFileType = sourcecode.swift; path = CallsVoicemail.swift; sourceTree = "<group>"; };
		87EFE91B949ADC37E1CD5820 /* BulwarkSMS.app */ = {isa = PBXFileReference; includeInIndex = 0; lastKnownFileType = wrapper.application; path = BulwarkSMS.app; sourceTree = BUILT_PRODUCTS_DIR; };
		90D1295350DE7E0914E68462 /* BulwarkSMSApp.swift */ = {isa = PBXFileReference; lastKnownFileType = sourcecode.swift; path = BulwarkSMSApp.swift; sourceTree = "<group>"; };
		DE33BBE300CF6BCF6314ACF1 /* Core.swift */ = {isa = PBXFileReference; lastKnownFileType = sourcecode.swift; path = Core.swift; sourceTree = "<group>"; };
		DE69C2BAD5B23D2016063112 /* Assets.xcassets */ = {isa = PBXFileReference; lastKnownFileType = folder.assetcatalog; path = Assets.xcassets; sourceTree = "<group>"; };
		E3A370DD1D3848539D1E6137 /* ConversationsView.swift */ = {isa = PBXFileReference; lastKnownFileType = sourcecode.swift; path = ConversationsView.swift; sourceTree = "<group>"; };
/* End PBXFileReference section */

/* Begin PBXGroup section */
		3D58526E931ABCD441EA6A5B = {
			isa = PBXGroup;
			children = (
				E033CBEF795CA898E21678E0 /* Resources */,
				DFBF95BB06844E993220AD3D /* Sources */,
				915630B3910510A14B7AAC40 /* Products */,
			);
			sourceTree = "<group>";
		};
		915630B3910510A14B7AAC40 /* Products */ = {
			isa = PBXGroup;
			children = (
				87EFE91B949ADC37E1CD5820 /* BulwarkSMS.app */,
			);
			name = Products;
			sourceTree = "<group>";
		};
		DFBF95BB06844E993220AD3D /* Sources */ = {
			isa = PBXGroup;
			children = (
				90D1295350DE7E0914E68462 /* BulwarkSMSApp.swift */,
				59BFA4D0CB1CF02C1A5FBA44 /* CallsVoicemail.swift */,
				E3A370DD1D3848539D1E6137 /* ConversationsView.swift */,
				DE33BBE300CF6BCF6314ACF1 /* Core.swift */,
				0E54228643B463AFC15997EF /* Push.swift */,
				4B6EBE3B27EA22A3C9544517 /* SettingsView.swift */,
				0749742686295EB677A52BE6 /* ThreadView.swift */,
			);
			path = Sources;
			sourceTree = "<group>";
		};
		E033CBEF795CA898E21678E0 /* Resources */ = {
			isa = PBXGroup;
			children = (
				DE69C2BAD5B23D2016063112 /* Assets.xcassets */,
			);
			path = Resources;
			sourceTree = "<group>";
		};
/* End PBXGroup section */

/* Begin PBXNativeTarget section */
		E023FA754C9D5C60828099FA /* BulwarkSMS */ = {
			isa = PBXNativeTarget;
			buildConfigurationList = 000E1F434DD4984C9DA1FD98 /* Build configuration list for PBXNativeTarget "BulwarkSMS" */;
			buildPhases = (
				C1C09A84EA82ED5CB1C314D0 /* Sources */,
				28083EC23274CE3AF2D56028 /* Resources */,
			);
			buildRules = (
			);
			dependencies = (
			);
			name = BulwarkSMS;
			packageProductDependencies = (
			);
			productName = BulwarkSMS;
			productReference = 87EFE91B949ADC37E1CD5820 /* BulwarkSMS.app */;
			productType = "com.apple.product-type.application";
		};
/* End PBXNativeTarget section */

/* Begin PBXProject section */
		A155CED844813BA7E3DC485E /* Project object */ = {
			isa = PBXProject;
			attributes = {
				BuildIndependentTargetsInParallel = YES;
				LastUpgradeCheck = 1430;
				TargetAttributes = {
					E023FA754C9D5C60828099FA = {
						DevelopmentTeam = 7VS3GN26RD;
						ProvisioningStyle = Automatic;
					};
				};
			};
			buildConfigurationList = 1394B3E10859ED7EE4DA8EB8 /* Build configuration list for PBXProject "BulwarkSMS" */;
			developmentRegion = en;
			hasScannedForEncodings = 0;
			knownRegions = (
				Base,
				en,
			);
			mainGroup = 3D58526E931ABCD441EA6A5B;
			minimizedProjectReferenceProxies = 1;
			preferredProjectObjectVersion = 77;
			productRefGroup = 915630B3910510A14B7AAC40 /* Products */;
			projectDirPath = "";
			projectRoot = "";
			targets = (
				E023FA754C9D5C60828099FA /* BulwarkSMS */,
			);
		};
/* End PBXProject section */

/* Begin PBXResourcesBuildPhase section */
		28083EC23274CE3AF2D56028 /* Resources */ = {
			isa = PBXResourcesBuildPhase;
			buildActionMask = 2147483647;
			files = (
				EE2D1FF7910260813ACD95F6 /* Assets.xcassets in Resources */,
			);
			runOnlyForDeploymentPostprocessing = 0;
		};
/* End PBXResourcesBuildPhase section */

/* Begin PBXSourcesBuildPhase section */
		C1C09A84EA82ED5CB1C314D0 /* Sources */ = {
			isa = PBXSourcesBuildPhase;
			buildActionMask = 2147483647;
			files = (
				1F6DEFEBEE9C76BC4DD6751B /* BulwarkSMSApp.swift in Sources */,
				0A2F1F9D37615FC1988CC85C /* CallsVoicemail.swift in Sources */,
				659CBE6BB99418F4CEFBAE5C /* ConversationsView.swift in Sources */,
				9008EC2F31542CE1DF69ED6A /* Core.swift in Sources */,
				C54E45CA100BEA6BCBC2E098 /* Push.swift in Sources */,
				6E50B689F0269CA3686980DA /* SettingsView.swift in Sources */,
				6975AAA6FA519EC3CC3993EE /* ThreadView.swift in Sources */,
			);
			runOnlyForDeploymentPostprocessing = 0;
		};
/* End PBXSourcesBuildPhase section */

/* Begin XCBuildConfiguration section */
		36EFC68A8BE47CB6975CEC6C /* Debug */ = {
			isa = XCBuildConfiguration;
			buildSettings = {
				ASSETCATALOG_COMPILER_APPICON_NAME = AppIcon;
				ASSETCATALOG_COMPILER_GLOBAL_ACCENT_COLOR_NAME = AccentColor;
				CODE_SIGN_ENTITLEMENTS = BulwarkSMS.entitlements;
				CODE_SIGN_IDENTITY = "iPhone Developer";
				GENERATE_INFOPLIST_FILE = YES;
				INFOPLIST_KEY_CFBundleDisplayName = "Free TwiSMS";
				INFOPLIST_KEY_ITSAppUsesNonExemptEncryption = NO;
				INFOPLIST_KEY_UIBackgroundModes = "remote-notification";
				INFOPLIST_KEY_UILaunchScreen_Generation = YES;
				INFOPLIST_KEY_UIRequiresFullScreen = YES;
				INFOPLIST_KEY_UISupportedInterfaceOrientations = UIInterfaceOrientationPortrait;
				LD_RUNPATH_SEARCH_PATHS = (
					"$(inherited)",
					"@executable_path/Frameworks",
				);
				PRODUCT_BUNDLE_IDENTIFIER = com.bulwarkblackllc.freetwisms;
				SDKROOT = iphoneos;
				TARGETED_DEVICE_FAMILY = "1,2";
			};
			name = Debug;
		};
		4A846FCEA99E459F507BF9E2 /* Release */ = {
			isa = XCBuildConfiguration;
			buildSettings = {
				ASSETCATALOG_COMPILER_APPICON_NAME = AppIcon;
				ASSETCATALOG_COMPILER_GLOBAL_ACCENT_COLOR_NAME = AccentColor;
				CODE_SIGN_ENTITLEMENTS = BulwarkSMS.entitlements;
				CODE_SIGN_IDENTITY = "iPhone Developer";
				GENERATE_INFOPLIST_FILE = YES;
				INFOPLIST_KEY_CFBundleDisplayName = "Free TwiSMS";
				INFOPLIST_KEY_ITSAppUsesNonExemptEncryption = NO;
				INFOPLIST_KEY_UIBackgroundModes = "remote-notification";
				INFOPLIST_KEY_UILaunchScreen_Generation = YES;
				INFOPLIST_KEY_UIRequiresFullScreen = YES;
				INFOPLIST_KEY_UISupportedInterfaceOrientations = UIInterfaceOrientationPortrait;
				LD_RUNPATH_SEARCH_PATHS = (
					"$(inherited)",
					"@executable_path/Frameworks",
				);
				PRODUCT_BUNDLE_IDENTIFIER = com.bulwarkblackllc.freetwisms;
				SDKROOT = iphoneos;
				TARGETED_DEVICE_FAMILY = "1,2";
			};
			name = Release;
		};
		5762A4B4BD2101AB2DF3D5CA /* Release */ = {
			isa = XCBuildConfiguration;
			buildSettings = {
				ALWAYS_SEARCH_USER_PATHS = NO;
				CLANG_ANALYZER_NONNULL = YES;
				CLANG_ANALYZER_NUMBER_OBJECT_CONVERSION = YES_AGGRESSIVE;
				CLANG_CXX_LANGUAGE_STANDARD = "gnu++14";
				CLANG_CXX_LIBRARY = "libc++";
				CLANG_ENABLE_MODULES = YES;
				CLANG_ENABLE_OBJC_ARC = YES;
				CLANG_ENABLE_OBJC_WEAK = YES;
				CLANG_WARN_BLOCK_CAPTURE_AUTORELEASING = YES;
				CLANG_WARN_BOOL_CONVERSION = YES;
				CLANG_WARN_COMMA = YES;
				CLANG_WARN_CONSTANT_CONVERSION = YES;
				CLANG_WARN_DEPRECATED_OBJC_IMPLEMENTATIONS = YES;
				CLANG_WARN_DIRECT_OBJC_ISA_USAGE = YES_ERROR;
				CLANG_WARN_DOCUMENTATION_COMMENTS = YES;
				CLANG_WARN_EMPTY_BODY = YES;
				CLANG_WARN_ENUM_CONVERSION = YES;
				CLANG_WARN_INFINITE_RECURSION = YES;
				CLANG_WARN_INT_CONVERSION = YES;
				CLANG_WARN_NON_LITERAL_NULL_CONVERSION = YES;
				CLANG_WARN_OBJC_IMPLICIT_RETAIN_SELF = YES;
				CLANG_WARN_OBJC_LITERAL_CONVERSION = YES;
				CLANG_WARN_OBJC_ROOT_CLASS = YES_ERROR;
				CLANG_WARN_QUOTED_INCLUDE_IN_FRAMEWORK_HEADER = YES;
				CLANG_WARN_RANGE_LOOP_ANALYSIS = YES;
				CLANG_WARN_STRICT_PROTOTYPES = YES;
				CLANG_WARN_SUSPICIOUS_MOVE = YES;
				CLANG_WARN_UNGUARDED_AVAILABILITY = YES_AGGRESSIVE;
				CLANG_WARN_UNREACHABLE_CODE = YES;
				CLANG_WARN__DUPLICATE_METHOD_MATCH = YES;
				CODE_SIGN_STYLE = Automatic;
				COPY_PHASE_STRIP = NO;
				CURRENT_PROJECT_VERSION = 1;
				DEBUG_INFORMATION_FORMAT = "dwarf-with-dsym";
				DEVELOPMENT_TEAM = 7VS3GN26RD;
				ENABLE_NS_ASSERTIONS = NO;
				ENABLE_STRICT_OBJC_MSGSEND = YES;
				GCC_C_LANGUAGE_STANDARD = gnu11;
				GCC_NO_COMMON_BLOCKS = YES;
				GCC_WARN_64_TO_32_BIT_CONVERSION = YES;
				GCC_WARN_ABOUT_RETURN_TYPE = YES_ERROR;
				GCC_WARN_UNDECLARED_SELECTOR = YES;
				GCC_WARN_UNINITIALIZED_AUTOS = YES_AGGRESSIVE;
				GCC_WARN_UNUSED_FUNCTION = YES;
				GCC_WARN_UNUSED_VARIABLE = YES;
				IPHONEOS_DEPLOYMENT_TARGET = 17.0;
				MARKETING_VERSION = 1.0;
				MTL_ENABLE_DEBUG_INFO = NO;
				MTL_FAST_MATH = YES;
				PRODUCT_NAME = "$(TARGET_NAME)";
				SDKROOT = iphoneos;
				SWIFT_COMPILATION_MODE = wholemodule;
				SWIFT_OPTIMIZATION_LEVEL = "-O";
				SWIFT_VERSION = 5.0;
				TARGETED_DEVICE_FAMILY = 1;
			};
			name = Release;
		};
		8FDB0E8B094C751B37E2F374 /* Debug */ = {
			isa = XCBuildConfiguration;
			buildSettings = {
				ALWAYS_SEARCH_USER_PATHS = NO;
				CLANG_ANALYZER_NONNULL = YES;
				CLANG_ANALYZER_NUMBER_OBJECT_CONVERSION = YES_AGGRESSIVE;
				CLANG_CXX_LANGUAGE_STANDARD = "gnu++14";
				CLANG_CXX_LIBRARY = "libc++";
				CLANG_ENABLE_MODULES = YES;
				CLANG_ENABLE_OBJC_ARC = YES;
				CLANG_ENABLE_OBJC_WEAK = YES;
				CLANG_WARN_BLOCK_CAPTURE_AUTORELEASING = YES;
				CLANG_WARN_BOOL_CONVERSION = YES;
				CLANG_WARN_COMMA = YES;
				CLANG_WARN_CONSTANT_CONVERSION = YES;
				CLANG_WARN_DEPRECATED_OBJC_IMPLEMENTATIONS = YES;
				CLANG_WARN_DIRECT_OBJC_ISA_USAGE = YES_ERROR;
				CLANG_WARN_DOCUMENTATION_COMMENTS = YES;
				CLANG_WARN_EMPTY_BODY = YES;
				CLANG_WARN_ENUM_CONVERSION = YES;
				CLANG_WARN_INFINITE_RECURSION = YES;
				CLANG_WARN_INT_CONVERSION = YES;
				CLANG_WARN_NON_LITERAL_NULL_CONVERSION = YES;
				CLANG_WARN_OBJC_IMPLICIT_RETAIN_SELF = YES;
				CLANG_WARN_OBJC_LITERAL_CONVERSION = YES;
				CLANG_WARN_OBJC_ROOT_CLASS = YES_ERROR;
				CLANG_WARN_QUOTED_INCLUDE_IN_FRAMEWORK_HEADER = YES;
				CLANG_WARN_RANGE_LOOP_ANALYSIS = YES;
				CLANG_WARN_STRICT_PROTOTYPES = YES;
				CLANG_WARN_SUSPICIOUS_MOVE = YES;
				CLANG_WARN_UNGUARDED_AVAILABILITY = YES_AGGRESSIVE;
				CLANG_WARN_UNREACHABLE_CODE = YES;
				CLANG_WARN__DUPLICATE_METHOD_MATCH = YES;
				CODE_SIGN_STYLE = Automatic;
				COPY_PHASE_STRIP = NO;
				CURRENT_PROJECT_VERSION = 1;
				DEBUG_INFORMATION_FORMAT = dwarf;
				DEVELOPMENT_TEAM = 7VS3GN26RD;
				ENABLE_STRICT_OBJC_MSGSEND = YES;
				ENABLE_TESTABILITY = YES;
				GCC_C_LANGUAGE_STANDARD = gnu11;
				GCC_DYNAMIC_NO_PIC = NO;
				GCC_NO_COMMON_BLOCKS = YES;
				GCC_OPTIMIZATION_LEVEL = 0;
				GCC_PREPROCESSOR_DEFINITIONS = (
					"$(inherited)",
					"DEBUG=1",
				);
				GCC_WARN_64_TO_32_BIT_CONVERSION = YES;
				GCC_WARN_ABOUT_RETURN_TYPE = YES_ERROR;
				GCC_WARN_UNDECLARED_SELECTOR = YES;
				GCC_WARN_UNINITIALIZED_AUTOS = YES_AGGRESSIVE;
				GCC_WARN_UNUSED_FUNCTION = YES;
				GCC_WARN_UNUSED_VARIABLE = YES;
				IPHONEOS_DEPLOYMENT_TARGET = 17.0;
				MARKETING_VERSION = 1.0;
				MTL_ENABLE_DEBUG_INFO = INCLUDE_SOURCE;
				MTL_FAST_MATH = YES;
				ONLY_ACTIVE_ARCH = YES;
				PRODUCT_NAME = "$(TARGET_NAME)";
				SDKROOT = iphoneos;
				SWIFT_ACTIVE_COMPILATION_CONDITIONS = DEBUG;
				SWIFT_OPTIMIZATION_LEVEL = "-Onone";
				SWIFT_VERSION = 5.0;
				TARGETED_DEVICE_FAMILY = 1;
			};
			name = Debug;
		};
/* End XCBuildConfiguration section */

/* Begin XCConfigurationList section */
		000E1F434DD4984C9DA1FD98 /* Build configuration list for PBXNativeTarget "BulwarkSMS" */ = {
			isa = XCConfigurationList;
			buildConfigurations = (
				36EFC68A8BE47CB6975CEC6C /* Debug */,
				4A846FCEA99E459F507BF9E2 /* Release */,
			);
			defaultConfigurationIsVisible = 0;
			defaultConfigurationName = Debug;
		};
		1394B3E10859ED7EE4DA8EB8 /* Build configuration list for PBXProject "BulwarkSMS" */ = {
			isa = XCConfigurationList;
			buildConfigurations = (
				8FDB0E8B094C751B37E2F374 /* Debug */,
				5762A4B4BD2101AB2DF3D5CA /* Release */,
			);
			defaultConfigurationIsVisible = 0;
			defaultConfigurationName = Debug;
		};
/* End XCConfigurationList section */
	};
	rootObject = A155CED844813BA7E3DC485E /* Project object */;
}
